{
  "name": "zapibot",
  "version": "1.0.0",
  "lockfileVersion": 3,
  "packages": {
    "": {
      "name": "zapibot",
      "version": "1.0.0",
      "dependencies": {
        "dotenv": "^16.4.5",
        "playwright": "^1.44.0"
      }
    },
    "node_modules/dotenv": {
      "version": "16.4.5",
      "resolved": "https://registry.npmjs.org/dotenv/-/dotenv-16.4.5.tgz",
      "integrity": "...",
      "engines": {
        "node": ">=12"
      }
    },
    "node_modules/playwright": {
      "version": "1.44.0",
      "resolved": "https://registry.npmjs.org/playwright/-/playwright-1.44.0.tgz",
      "integrity": "...",
      "engines": {
        "node": ">=14"
      }
    }
  },
  "dependencies": {
    "dotenv": {
      "version": "16.4.5"
    },
    "playwright": {
      "version": "1.44.0"
    }
  }
}
